
Microsoft Visual Studio Solution File, Format Version 12.00
# Visual Studio Version 17
VisualStudioVersion = 17.8.34316.72
MinimumVisualStudioVersion = 10.0.40219.1
Project("{FAE04EC0-301F-11D3-BF4B-00C04F79EFBC}") = "inventory_system", "inventory_system.csproj", "{4A24D2CB-FC87-4700-A73C-ECE3278DC92E}"
EndProject
Global
	GlobalSection(SolutionConfigurationPlatforms) = preSolution
		Debug|Any CPU = Debug|Any CPU
		Release|Any CPU = Release|Any CPU
	EndGlobalSection
	GlobalSection(ProjectConfigurationPlatforms) = postSolution
		{4A24D2CB-FC87-4700-A73C-ECE3278DC92E}.Debug|Any CPU.ActiveCfg = Debug|Any CPU
		{4A24D2CB-FC87-4700-A73C-ECE3278DC92E}.Debug|Any CPU.Build.0 = Debug|Any CPU
		{4A24D2CB-FC87-4700-A73C-ECE3278DC92E}.Release|Any CPU.ActiveCfg = Release|Any CPU
		{4A24D2CB-FC87-4700-A73C-ECE3278DC92E}.Release|Any CPU.Build.0 = Release|Any CPU
	EndGlobalSection
	GlobalSection(SolutionProperties) = preSolution
		HideSolutionNode = FALSE
	EndGlobalSection
	GlobalSection(ExtensibilityGlobals) = postSolution
		SolutionGuid = {E49B9734-7D6D-4262-A04A-C739A04A2256}
	EndGlobalSection
EndGlobal
